// !$*UTF8*$!
{
	archiveVersion = 1;
	classes = {
	};
	objectVersion = 55;
	objects = {

/* Begin PBXBuildFile section */
		007BE42F283BF3A3008D6960 /* AppDelegate.swift in Sources */ = {isa = PBXBuildFile; fileRef = 007BE42E283BF3A3008D6960 /* AppDelegate.swift */; };
		007BE431283BF3A3008D6960 /* SceneDelegate.swift in Sources */ = {isa = PBXBuildFile; fileRef = 007BE430283BF3A3008D6960 /* SceneDelegate.swift */; };
		007BE433283BF3A3008D6960 /* ViewController.swift in Sources */ = {isa = PBXBuildFile; fileRef = 007BE432283BF3A3008D6960 /* ViewController.swift */; };
		007BE436283BF3A3008D6960 /* Main.storyboard in Resources */ = {isa = PBXBuildFile; fileRef = 007BE434283BF3A3008D6960 /* Main.storyboard */; };
		007BE439283BF3A3008D6960 /* MovieDB1_2.xcdatamodeld in Sources */ = {isa = PBXBuildFile; fileRef = 007BE437283BF3A3008D6960 /* MovieDB1_2.xcdatamodeld */; };
		007BE43B283BF3A4008D6960 /* Assets.xcassets in Resources */ = {isa = PBXBuildFile; fileRef = 007BE43A283BF3A4008D6960 /* Assets.xcassets */; };
		007BE43E283BF3A4008D6960 /* LaunchScreen.storyboard in Resources */ = {isa = PBXBuildFile; fileRef = 007BE43C283BF3A4008D6960 /* LaunchScreen.storyboard */; };
		007BE449283BF3A5008D6960 /* MovieDB1_2Tests.swift in Sources */ = {isa = PBXBuildFile; fileRef = 007BE448283BF3A5008D6960 /* MovieDB1_2Tests.swift */; };
		007BE453283BF3A5008D6960 /* MovieDB1_2UITests.swift in Sources */ = {isa = PBXBuildFile; fileRef = 007BE452283BF3A5008D6960 /* MovieDB1_2UITests.swift */; };
		007BE455283BF3A5008D6960 /* MovieDB1_2UITestsLaunchTests.swift in Sources */ = {isa = PBXBuildFile; fileRef = 007BE454283BF3A5008D6960 /* MovieDB1_2UITestsLaunchTests.swift */; };
		007BE462283BF42B008D6960 /* DetailViewController.swift in Sources */ = {isa = PBXBuildFile; fileRef = 007BE461283BF42B008D6960 /* DetailViewController.swift */; };
		007BE464283BFE15008D6960 /* MovieTableViewCell.swift in Sources */ = {isa = PBXBuildFile; fileRef = 007BE463283BFE15008D6960 /* MovieTableViewCell.swift */; };
		007BE466283C017F008D6960 /* MovieListModel.swift in Sources */ = {isa = PBXBuildFile; fileRef = 007BE465283C017F008D6960 /* MovieListModel.swift */; };
		007BE468283C01AD008D6960 /* APIHandler.swift in Sources */ = {isa = PBXBuildFile; fileRef = 007BE467283C01AD008D6960 /* APIHandler.swift */; };
		007BE46A283C01CF008D6960 /* MovieViewModel.swift in Sources */ = {isa = PBXBuildFile; fileRef = 007BE469283C01CF008D6960 /* MovieViewModel.swift */; };
		007BE46C283C0217008D6960 /* Extension.swift in Sources */ = {isa = PBXBuildFile; fileRef = 007BE46B283C0217008D6960 /* Extension.swift */; };
/* End PBXBuildFile section */

/* Begin PBXContainerItemProxy section */
		007BE445283BF3A5008D6960 /* PBXContainerItemProxy */ = {
			isa = PBXContainerItemProxy;
			containerPortal = 007BE423283BF3A3008D6960 /* Project object */;
			proxyType = 1;
			remoteGlobalIDString = 007BE42A283BF3A3008D6960;
			remoteInfo = MovieDB1.2;
		};
		007BE44F283BF3A5008D6960 /* PBXContainerItemProxy */ = {
			isa = PBXContainerItemProxy;
			containerPortal = 007BE423283BF3A3008D6960 /* Project object */;
			proxyType = 1;
			remoteGlobalIDString = 007BE42A283BF3A3008D6960;
			remoteInfo = MovieDB1.2;
		};
/* End PBXContainerItemProxy section */

/* Begin PBXFileReference section */
		007BE42B283BF3A3008D6960 /* MovieDB1.2.app */ = {isa = PBXFileReference; explicitFileType = wrapper.application; includeInIndex = 0; path = MovieDB1.2.app; sourceTree = BUILT_PRODUCTS_DIR; };
		007BE42E283BF3A3008D6960 /* AppDelegate.swift */ = {isa = PBXFileReference; lastKnownFileType = sourcecode.swift; path = AppDelegate.swift; sourceTree = "<group>"; };
		007BE430283BF3A3008D6960 /* SceneDelegate.swift */ = {isa = PBXFileReference; lastKnownFileType = sourcecode.swift; path = SceneDelegate.swift; sourceTree = "<group>"; };
		007BE432283BF3A3008D6960 /* ViewController.swift */ = {isa = PBXFileReference; lastKnownFileType = sourcecode.swift; path = ViewController.swift; sourceTree = "<group>"; };
		007BE435283BF3A3008D6960 /* Base */ = {isa = PBXFileReference; lastKnownFileType = file.storyboard; name = Base; path = Base.lproj/Main.storyboard; sourceTree = "<group>"; };
		007BE438283BF3A3008D6960 /* MovieDB1_2.xcdatamodel */ = {isa = PBXFileReference; lastKnownFileType = wrapper.xcdatamodel; path = MovieDB1_2.xcdatamodel; sourceTree = "<group>"; };
		007BE43A283BF3A4008D6960 /* Assets.xcassets */ = {isa = PBXFileReference; lastKnownFileType = folder.assetcatalog; path = Assets.xcassets; sourceTree = "<group>"; };
		007BE43D283BF3A4008D6960 /* Base */ = {isa = PBXFileReference; lastKnownFileType = file.storyboard; name = Base; path = Base.lproj/LaunchScreen.storyboard; sourceTree = "<group>"; };
		007BE43F283BF3A4008D6960 /* Info.plist */ = {isa = PBXFileReference; lastKnownFileType = text.plist.xml; path = Info.plist; sourceTree = "<group>"; };
		007BE444283BF3A5008D6960 /* MovieDB1.2Tests.xctest */ = {isa = PBXFileReference; explicitFileType = wrapper.cfbundle; includeInIndex = 0; path = MovieDB1.2Tests.xctest; sourceTree = BUILT_PRODUCTS_DIR; };
		007BE448283BF3A5008D6960 /* MovieDB1_2Tests.swift */ = {isa = PBXFileReference; lastKnownFileType = sourcecode.swift; path = MovieDB1_2Tests.swift; sourceTree = "<group>"; };
		007BE44E283BF3A5008D6960 /* MovieDB1.2UITests.xctest */ = {isa = PBXFileReference; explicitFileType = wrapper.cfbundle; includeInIndex = 0; path = MovieDB1.2UITests.xctest; sourceTree = BUILT_PRODUCTS_DIR; };
		007BE452283BF3A5008D6960 /* MovieDB1_2UITests.swift */ = {isa = PBXFileReference; lastKnownFileType = sourcecode.swift; path = MovieDB1_2UITests.swift; sourceTree = "<group>"; };
		007BE454283BF3A5008D6960 /* MovieDB1_2UITestsLaunchTests.swift */ = {isa = PBXFileReference; lastKnownFileType = sourcecode.swift; path = MovieDB1_2UITestsLaunchTests.swift; sourceTree = "<group>"; };
		007BE461283BF42B008D6960 /* DetailViewController.swift */ = {isa = PBXFileReference; lastKnownFileType = sourcecode.swift; path = DetailViewController.swift; sourceTree = "<group>"; };
		007BE463283BFE15008D6960 /* MovieTableViewCell.swift */ = {isa = PBXFileReference; lastKnownFileType = sourcecode.swift; path = MovieTableViewCell.swift; sourceTree = "<group>"; };
		007BE465283C017F008D6960 /* MovieListModel.swift */ = {isa = PBXFileReference; lastKnownFileType = sourcecode.swift; path = MovieListModel.swift; sourceTree = "<group>"; };
		007BE467283C01AD008D6960 /* APIHandler.swift */ = {isa = PBXFileReference; lastKnownFileType = sourcecode.swift; path = APIHandler.swift; sourceTree = "<group>"; };
		007BE469283C01CF008D6960 /* MovieViewModel.swift */ = {isa = PBXFileReference; lastKnownFileType = sourcecode.swift; path = MovieViewModel.swift; sourceTree = "<group>"; };
		007BE46B283C0217008D6960 /* Extension.swift */ = {isa = PBXFileReference; lastKnownFileType = sourcecode.swift; path = Extension.swift; sourceTree = "<group>"; };
/* End PBXFileReference section */

/* Begin PBXFrameworksBuildPhase section */
		007BE428283BF3A3008D6960 /* Frameworks */ = {
			isa = PBXFrameworksBuildPhase;
			buildActionMask = 2147483647;
			files = (
			);
			runOnlyForDeploymentPostprocessing = 0;
		};
		007BE441283BF3A5008D6960 /* Frameworks */ = {
			isa = PBXFrameworksBuildPhase;
			buildActionMask = 2147483647;
			files = (
			);
			runOnlyForDeploymentPostprocessing = 0;
		};
		007BE44B283BF3A5008D6960 /* Frameworks */ = {
			isa = PBXFrameworksBuildPhase;
			buildActionMask = 2147483647;
			files = (
			);
			runOnlyForDeploymentPostprocessing = 0;
		};
/* End PBXFrameworksBuildPhase section */

/* Begin PBXGroup section */
		007BE422283BF3A3008D6960 = {
			isa = PBXGroup;
			children = (
				007BE42D283BF3A3008D6960 /* MovieDB1.2 */,
				007BE447283BF3A5008D6960 /* MovieDB1.2Tests */,
				007BE451283BF3A5008D6960 /* MovieDB1.2UITests */,
				007BE42C283BF3A3008D6960 /* Products */,
			);
			sourceTree = "<group>";
		};
		007BE42C283BF3A3008D6960 /* Products */ = {
			isa = PBXGroup;
			children = (
				007BE42B283BF3A3008D6960 /* MovieDB1.2.app */,
				007BE444283BF3A5008D6960 /* MovieDB1.2Tests.xctest */,
				007BE44E283BF3A5008D6960 /* MovieDB1.2UITests.xctest */,
			);
			name = Products;
			sourceTree = "<group>";
		};
		007BE42D283BF3A3008D6960 /* MovieDB1.2 */ = {
			isa = PBXGroup;
			children = (
				007BE42E283BF3A3008D6960 /* AppDelegate.swift */,
				007BE430283BF3A3008D6960 /* SceneDelegate.swift */,
				007BE432283BF3A3008D6960 /* ViewController.swift */,
				007BE434283BF3A3008D6960 /* Main.storyboard */,
				007BE463283BFE15008D6960 /* MovieTableViewCell.swift */,
				007BE461283BF42B008D6960 /* DetailViewController.swift */,
				007BE465283C017F008D6960 /* MovieListModel.swift */,
				007BE467283C01AD008D6960 /* APIHandler.swift */,
				007BE469283C01CF008D6960 /* MovieViewModel.swift */,
				007BE46B283C0217008D6960 /* Extension.swift */,
				007BE43A283BF3A4008D6960 /* Assets.xcassets */,
				007BE43C283BF3A4008D6960 /* LaunchScreen.storyboard */,
				007BE43F283BF3A4008D6960 /* Info.plist */,
				007BE437283BF3A3008D6960 /* MovieDB1_2.xcdatamodeld */,
			);
			path = MovieDB1.2;
			sourceTree = "<group>";
		};
		007BE447283BF3A5008D6960 /* MovieDB1.2Tests */ = {
			isa = PBXGroup;
			children = (
				007BE448283BF3A5008D6960 /* MovieDB1_2Tests.swift */,
			);
			path = MovieDB1.2Tests;
			sourceTree = "<group>";
		};
		007BE451283BF3A5008D6960 /* MovieDB1.2UITests */ = {
			isa = PBXGroup;
			children = (
				007BE452283BF3A5008D6960 /* MovieDB1_2UITests.swift */,
				007BE454283BF3A5008D6960 /* MovieDB1_2UITestsLaunchTests.swift */,
			);
			path = MovieDB1.2UITests;
			sourceTree = "<group>";
		};
/* End PBXGroup section */

/* Begin PBXNativeTarget section */
		007BE42A283BF3A3008D6960 /* MovieDB1.2 */ = {
			isa = PBXNativeTarget;
			buildConfigurationList = 007BE458283BF3A5008D6960 /* Build configuration list for PBXNativeTarget "MovieDB1.2" */;
			buildPhases = (
				007BE427283BF3A3008D6960 /* Sources */,
				007BE428283BF3A3008D6960 /* Frameworks */,
				007BE429283BF3A3008D6960 /* Resources */,
			);
			buildRules = (
			);
			dependencies = (
			);
			name = MovieDB1.2;
			productName = MovieDB1.2;
			productReference = 007BE42B283BF3A3008D6960 /* MovieDB1.2.app */;
			productType = "com.apple.product-type.application";
		};
		007BE443283BF3A5008D6960 /* MovieDB1.2Tests */ = {
			isa = PBXNativeTarget;
			buildConfigurationList = 007BE45B283BF3A5008D6960 /* Build configuration list for PBXNativeTarget "MovieDB1.2Tests" */;
			buildPhases = (
				007BE440283BF3A5008D6960 /* Sources */,
				007BE441283BF3A5008D6960 /* Frameworks */,
				007BE442283BF3A5008D6960 /* Resources */,
			);
			buildRules = (
			);
			dependencies = (
				007BE446283BF3A5008D6960 /* PBXTargetDependency */,
			);
			name = MovieDB1.2Tests;
			productName = MovieDB1.2Tests;
			productReference = 007BE444283BF3A5008D6960 /* MovieDB1.2Tests.xctest */;
			productType = "com.apple.product-type.bundle.unit-test";
		};
		007BE44D283BF3A5008D6960 /* MovieDB1.2UITests */ = {
			isa = PBXNativeTarget;
			buildConfigurationList = 007BE45E283BF3A5008D6960 /* Build configuration list for PBXNativeTarget "MovieDB1.2UITests" */;
			buildPhases = (
				007BE44A283BF3A5008D6960 /* Sources */,
				007BE44B283BF3A5008D6960 /* Frameworks */,
				007BE44C283BF3A5008D6960 /* Resources */,
			);
			buildRules = (
			);
			dependencies = (
				007BE450283BF3A5008D6960 /* PBXTargetDependency */,
			);
			name = MovieDB1.2UITests;
			productName = MovieDB1.2UITests;
			productReference = 007BE44E283BF3A5008D6960 /* MovieDB1.2UITests.xctest */;
			productType = "com.apple.product-type.bundle.ui-testing";
		};
/* End PBXNativeTarget section */

/* Begin PBXProject section */
		007BE423283BF3A3008D6960 /* Project object */ = {
			isa = PBXProject;
			attributes = {
				BuildIndependentTargetsInParallel = 1;
				LastSwiftUpdateCheck = 1340;
				LastUpgradeCheck = 1340;
				TargetAttributes = {
					007BE42A283BF3A3008D6960 = {
						CreatedOnToolsVersion = 13.4;
					};
					007BE443283BF3A5008D6960 = {
						CreatedOnToolsVersion = 13.4;
						TestTargetID = 007BE42A283BF3A3008D6960;
					};
					007BE44D283BF3A5008D6960 = {
						CreatedOnToolsVersion = 13.4;
						TestTargetID = 007BE42A283BF3A3008D6960;
					};
				};
			};
			buildConfigurationList = 007BE426283BF3A3008D6960 /* Build configuration list for PBXProject "MovieDB1.2" */;
			compatibilityVersion = "Xcode 13.0";
			developmentRegion = en;
			hasScannedForEncodings = 0;
			knownRegions = (
				en,
				Base,
			);
			mainGroup = 007BE422283BF3A3008D6960;
			productRefGroup = 007BE42C283BF3A3008D6960 /* Products */;
			projectDirPath = "";
			projectRoot = "";
			targets = (
				007BE42A283BF3A3008D6960 /* MovieDB1.2 */,
				007BE443283BF3A5008D6960 /* MovieDB1.2Tests */,
				007BE44D283BF3A5008D6960 /* MovieDB1.2UITests */,
			);
		};
/* End PBXProject section */

/* Begin PBXResourcesBuildPhase section */
		007BE429283BF3A3008D6960 /* Resources */ = {
			isa = PBXResourcesBuildPhase;
			buildActionMask = 2147483647;
			files = (
				007BE43E283BF3A4008D6960 /* LaunchScreen.storyboard in Resources */,
				007BE43B283BF3A4008D6960 /* Assets.xcassets in Resources */,
				007BE436283BF3A3008D6960 /* Main.storyboard in Resources */,
			);
			runOnlyForDeploymentPostprocessing = 0;
		};
		007BE442283BF3A5008D6960 /* Resources */ = {
			isa = PBXResourcesBuildPhase;
			buildActionMask = 2147483647;
			files = (
			);
			runOnlyForDeploymentPostprocessing = 0;
		};
		007BE44C283BF3A5008D6960 /* Resources */ = {
			isa = PBXResourcesBuildPhase;
			buildActionMask = 2147483647;
			files = (
			);
			runOnlyForDeploymentPostprocessing = 0;
		};
/* End PBXResourcesBuildPhase section */

/* Begin PBXSourcesBuildPhase section */
		007BE427283BF3A3008D6960 /* Sources */ = {
			isa = PBXSourcesBuildPhase;
			buildActionMask = 2147483647;
			files = (
				007BE433283BF3A3008D6960 /* ViewController.swift in Sources */,
				007BE42F283BF3A3008D6960 /* AppDelegate.swift in Sources */,
				007BE464283BFE15008D6960 /* MovieTableViewCell.swift in Sources */,
				007BE468283C01AD008D6960 /* APIHandler.swift in Sources */,
				007BE462283BF42B008D6960 /* DetailViewController.swift in Sources */,
				007BE46C283C0217008D6960 /* Extension.swift in Sources */,
				007BE46A283C01CF008D6960 /* MovieViewModel.swift in Sources */,
				007BE466283C017F008D6960 /* MovieListModel.swift in Sources */,
				007BE431283BF3A3008D6960 /* SceneDelegate.swift in Sources */,
				007BE439283BF3A3008D6960 /* MovieDB1_2.xcdatamodeld in Sources */,
			);
			runOnlyForDeploymentPostprocessing = 0;
		};
		007BE440283BF3A5008D6960 /* Sources */ = {
			isa = PBXSourcesBuildPhase;
			buildActionMask = 2147483647;
			files = (
				007BE449283BF3A5008D6960 /* MovieDB1_2Tests.swift in Sources */,
			);
			runOnlyForDeploymentPostprocessing = 0;
		};
		007BE44A283BF3A5008D6960 /* Sources */ = {
			isa = PBXSourcesBuildPhase;
			buildActionMask = 2147483647;
			files = (
				007BE455283BF3A5008D6960 /* MovieDB1_2UITestsLaunchTests.swift in Sources */,
				007BE453283BF3A5008D6960 /* MovieDB1_2UITests.swift in Sources */,
			);
			runOnlyForDeploymentPostprocessing = 0;
		};
/* End PBXSourcesBuildPhase section */

/* Begin PBXTargetDependency section */
		007BE446283BF3A5008D6960 /* PBXTargetDependency */ = {
			isa = PBXTargetDependency;
			target = 007BE42A283BF3A3008D6960 /* MovieDB1.2 */;
			targetProxy = 007BE445283BF3A5008D6960 /* PBXContainerItemProxy */;
		};
		007BE450283BF3A5008D6960 /* PBXTargetDependency */ = {
			isa = PBXTargetDependency;
			target = 007BE42A283BF3A3008D6960 /* MovieDB1.2 */;
			targetProxy = 007BE44F283BF3A5008D6960 /* PBXContainerItemProxy */;
		};
/* End PBXTargetDependency section */

/* Begin PBXVariantGroup section */
		007BE434283BF3A3008D6960 /* Main.storyboard */ = {
			isa = PBXVariantGroup;
			children = (
				007BE435283BF3A3008D6960 /* Base */,
			);
			name = Main.storyboard;
			sourceTree = "<group>";
		};
		007BE43C283BF3A4008D6960 /* LaunchScreen.storyboard */ = {
			isa = PBXVariantGroup;
			children = (
				007BE43D283BF3A4008D6960 /* Base */,
			);
			name = LaunchScreen.storyboard;
			sourceTree = "<group>";
		};
/* End PBXVariantGroup section */

/* Begin XCBuildConfiguration section */
		007BE456283BF3A5008D6960 /* Debug */ = {
			isa = XCBuildConfiguration;
			buildSettings = {
				ALWAYS_SEARCH_USER_PATHS = NO;
				CLANG_ANALYZER_NONNULL = YES;
				CLANG_ANALYZER_NUMBER_OBJECT_CONVERSION = YES_AGGRESSIVE;
				CLANG_CXX_LANGUAGE_STANDARD = "gnu++17";
				CLANG_ENABLE_MODULES = YES;
				CLANG_ENABLE_OBJC_ARC = YES;
				CLANG_ENABLE_OBJC_WEAK = YES;
				CLANG_WARN_BLOCK_CAPTURE_AUTORELEASING = YES;
				CLANG_WARN_BOOL_CONVERSION = YES;
				CLANG_WARN_COMMA = YES;
				CLANG_WARN_CONSTANT_CONVERSION = YES;
				CLANG_WARN_DEPRECATED_OBJC_IMPLEMENTATIONS = YES;
				CLANG_WARN_DIRECT_OBJC_ISA_USAGE = YES_ERROR;
				CLANG_WARN_DOCUMENTATION_COMMENTS = YES;
				CLANG_WARN_EMPTY_BODY = YES;
				CLANG_WARN_ENUM_CONVERSION = YES;
				CLANG_WARN_INFINITE_RECURSION = YES;
				CLANG_WARN_INT_CONVERSION = YES;
				CLANG_WARN_NON_LITERAL_NULL_CONVERSION = YES;
				CLANG_WARN_OBJC_IMPLICIT_RETAIN_SELF = YES;
				CLANG_WARN_OBJC_LITERAL_CONVERSION = YES;
				CLANG_WARN_OBJC_ROOT_CLASS = YES_ERROR;
				CLANG_WARN_QUOTED_INCLUDE_IN_FRAMEWORK_HEADER = YES;
				CLANG_WARN_RANGE_LOOP_ANALYSIS = YES;
				CLANG_WARN_STRICT_PROTOTYPES = YES;
				CLANG_WARN_SUSPICIOUS_MOVE = YES;
				CLANG_WARN_UNGUARDED_AVAILABILITY = YES_AGGRESSIVE;
				CLANG_WARN_UNREACHABLE_CODE = YES;
				CLANG_WARN__DUPLICATE_METHOD_MATCH = YES;
				COPY_PHASE_STRIP = NO;
				DEBUG_INFORMATION_FORMAT = dwarf;
				ENABLE_STRICT_OBJC_MSGSEND = YES;
				ENABLE_TESTABILITY = YES;
				GCC_C_LANGUAGE_STANDARD = gnu11;
				GCC_DYNAMIC_NO_PIC = NO;
				GCC_NO_COMMON_BLOCKS = YES;
				GCC_OPTIMIZATION_LEVEL = 0;
				GCC_PREPROCESSOR_DEFINITIONS = (
					"DEBUG=1",
					"$(inherited)",
				);
				GCC_WARN_64_TO_32_BIT_CONVERSION = YES;
				GCC_WARN_ABOUT_RETURN_TYPE = YES_ERROR;
				GCC_WARN_UNDECLARED_SELECTOR = YES;
				GCC_WARN_UNINITIALIZED_AUTOS = YES_AGGRESSIVE;
				GCC_WARN_UNUSED_FUNCTION = YES;
				GCC_WARN_UNUSED_VARIABLE = YES;
				IPHONEOS_DEPLOYMENT_TARGET = 15.5;
				MTL_ENABLE_DEBUG_INFO = INCLUDE_SOURCE;
				MTL_FAST_MATH = YES;
				ONLY_ACTIVE_ARCH = YES;
				SDKROOT = iphoneos;
				SWIFT_ACTIVE_COMPILATION_CONDITIONS = DEBUG;
				SWIFT_OPTIMIZATION_LEVEL = "-Onone";
			};
			name = Debug;
		};
		007BE457283BF3A5008D6960 /* Release */ = {
			isa = XCBuildConfiguration;
			buildSettings = {
				ALWAYS_SEARCH_USER_PATHS = NO;
				CLANG_ANALYZER_NONNULL = YES;
				CLANG_ANALYZER_NUMBER_OBJECT_CONVERSION = YES_AGGRESSIVE;
				CLANG_CXX_LANGUAGE_STANDARD = "gnu++17";
				CLANG_ENABLE_MODULES = YES;
				CLANG_ENABLE_OBJC_ARC = YES;
				CLANG_ENABLE_OBJC_WEAK = YES;
				CLANG_WARN_BLOCK_CAPTURE_AUTORELEASING = YES;
				CLANG_WARN_BOOL_CONVERSION = YES;
				CLANG_WARN_COMMA = YES;
				CLANG_WARN_CONSTANT_CONVERSION = YES;
				CLANG_WARN_DEPRECATED_OBJC_IMPLEMENTATIONS = YES;
				CLANG_WARN_DIRECT_OBJC_ISA_USAGE = YES_ERROR;
				CLANG_WARN_DOCUMENTATION_COMMENTS = YES;
				CLANG_WARN_EMPTY_BODY = YES;
				CLANG_WARN_ENUM_CONVERSION = YES;
				CLANG_WARN_INFINITE_RECURSION = YES;
				CLANG_WARN_INT_CONVERSION = YES;
				CLANG_WARN_NON_LITERAL_NULL_CONVERSION = YES;
				CLANG_WARN_OBJC_IMPLICIT_RETAIN_SELF = YES;
				CLANG_WARN_OBJC_LITERAL_CONVERSION = YES;
				CLANG_WARN_OBJC_ROOT_CLASS = YES_ERROR;
				CLANG_WARN_QUOTED_INCLUDE_IN_FRAMEWORK_HEADER = YES;
				CLANG_WARN_RANGE_LOOP_ANALYSIS = YES;
				CLANG_WARN_STRICT_PROTOTYPES = YES;
				CLANG_WARN_SUSPICIOUS_MOVE = YES;
				CLANG_WARN_UNGUARDED_AVAILABILITY = YES_AGGRESSIVE;
				CLANG_WARN_UNREACHABLE_CODE = YES;
				CLANG_WARN__DUPLICATE_METHOD_MATCH = YES;
				COPY_PHASE_STRIP = NO;
				DEBUG_INFORMATION_FORMAT = "dwarf-with-dsym";
				ENABLE_NS_ASSERTIONS = NO;
				ENABLE_STRICT_OBJC_MSGSEND = YES;
				GCC_C_LANGUAGE_STANDARD = gnu11;
				GCC_NO_COMMON_BLOCKS = YES;
				GCC_WARN_64_TO_32_BIT_CONVERSION = YES;
				GCC_WARN_ABOUT_RETURN_TYPE = YES_ERROR;
				GCC_WARN_UNDECLARED_SELECTOR = YES;
				GCC_WARN_UNINITIALIZED_AUTOS = YES_AGGRESSIVE;
				GCC_WARN_UNUSED_FUNCTION = YES;
				GCC_WARN_UNUSED_VARIABLE = YES;
				IPHONEOS_DEPLOYMENT_TARGET = 15.5;
				MTL_ENABLE_DEBUG_INFO = NO;
				MTL_FAST_MATH = YES;
				SDKROOT = iphoneos;
				SWIFT_COMPILATION_MODE = wholemodule;
				SWIFT_OPTIMIZATION_LEVEL = "-O";
				VALIDATE_PRODUCT = YES;
			};
			name = Release;
		};
		007BE459283BF3A5008D6960 /* Debug */ = {
			isa = XCBuildConfiguration;
			buildSettings = {
				ASSETCATALOG_COMPILER_APPICON_NAME = AppIcon;
				ASSETCATALOG_COMPILER_GLOBAL_ACCENT_COLOR_NAME = AccentColor;
				CODE_SIGN_STYLE = Automatic;
				CURRENT_PROJECT_VERSION = 1;
				GENERATE_INFOPLIST_FILE = YES;
				INFOPLIST_FILE = MovieDB1.2/Info.plist;
				INFOPLIST_KEY_UIApplicationSupportsIndirectInputEvents = YES;
				INFOPLIST_KEY_UILaunchStoryboardName = LaunchScreen;
				INFOPLIST_KEY_UIMainStoryboardFile = Main;
				INFOPLIST_KEY_UISupportedInterfaceOrientations_iPad = "UIInterfaceOrientationPortrait UIInterfaceOrientationPortraitUpsideDown UIInterfaceOrientationLandscapeLeft UIInterfaceOrientationLandscapeRight";
				INFOPLIST_KEY_UISupportedInterfaceOrientations_iPhone = "UIInterfaceOrientationPortrait UIInterfaceOrientationLandscapeLeft UIInterfaceOrientationLandscapeRight";
				LD_RUNPATH_SEARCH_PATHS = (
					"$(inherited)",
					"@executable_path/Frameworks",
				);
				MARKETING_VERSION = 1.0;
				PRODUCT_BUNDLE_IDENTIFIER = "com.JosephCastro.MovieDB1-2";
				PRODUCT_NAME = "$(TARGET_NAME)";
				SWIFT_EMIT_LOC_STRINGS = YES;
				SWIFT_VERSION = 5.0;
				TARGETED_DEVICE_FAMILY = "1,2";
			};
			name = Debug;
		};
		007BE45A283BF3A5008D6960 /* Release */ = {
			isa = XCBuildConfiguration;
			buildSettings = {
				ASSETCATALOG_COMPILER_APPICON_NAME = AppIcon;
				ASSETCATALOG_COMPILER_GLOBAL_ACCENT_COLOR_NAME = AccentColor;
				CODE_SIGN_STYLE = Automatic;
				CURRENT_PROJECT_VERSION = 1;
				GENERATE_INFOPLIST_FILE = YES;
				INFOPLIST_FILE = MovieDB1.2/Info.plist;
				INFOPLIST_KEY_UIApplicationSupportsIndirectInputEvents = YES;
				INFOPLIST_KEY_UILaunchStoryboardName = LaunchScreen;
				INFOPLIST_KEY_UIMainStoryboardFile = Main;
				INFOPLIST_KEY_UISupportedInterfaceOrientations_iPad = "UIInterfaceOrientationPortrait UIInterfaceOrientationPortraitUpsideDown UIInterfaceOrientationLandscapeLeft UIInterfaceOrientationLandscapeRight";
				INFOPLIST_KEY_UISupportedInterfaceOrientations_iPhone = "UIInterfaceOrientationPortrait UIInterfaceOrientationLandscapeLeft UIInterfaceOrientationLandscapeRight";
				LD_RUNPATH_SEARCH_PATHS = (
					"$(inherited)",
					"@executable_path/Frameworks",
				);
				MARKETING_VERSION = 1.0;
				PRODUCT_BUNDLE_IDENTIFIER = "com.JosephCastro.MovieDB1-2";
				PRODUCT_NAME = "$(TARGET_NAME)";
				SWIFT_EMIT_LOC_STRINGS = YES;
				SWIFT_VERSION = 5.0;
				TARGETED_DEVICE_FAMILY = "1,2";
			};
			name = Release;
		};
		007BE45C283BF3A5008D6960 /* Debug */ = {
			isa = XCBuildConfiguration;
			buildSettings = {
				ALWAYS_EMBED_SWIFT_STANDARD_LIBRARIES = YES;
				BUNDLE_LOADER = "$(TEST_HOST)";
				CODE_SIGN_STYLE = Automatic;
				CURRENT_PROJECT_VERSION = 1;
				GENERATE_INFOPLIST_FILE = YES;
				IPHONEOS_DEPLOYMENT_TARGET = 15.5;
				MARKETING_VERSION = 1.0;
				PRODUCT_BUNDLE_IDENTIFIER = "com.JosephCastro.MovieDB1-2Tests";
				PRODUCT_NAME = "$(TARGET_NAME)";
				SWIFT_EMIT_LOC_STRINGS = NO;
				SWIFT_VERSION = 5.0;
				TARGETED_DEVICE_FAMILY = "1,2";
				TEST_HOST = "$(BUILT_PRODUCTS_DIR)/MovieDB1.2.app/MovieDB1.2";
			};
			name = Debug;
		};
		007BE45D283BF3A5008D6960 /* Release */ = {
			isa = XCBuildConfiguration;
			buildSettings = {
				ALWAYS_EMBED_SWIFT_STANDARD_LIBRARIES = YES;
				BUNDLE_LOADER = "$(TEST_HOST)";
				CODE_SIGN_STYLE = Automatic;
				CURRENT_PROJECT_VERSION = 1;
				GENERATE_INFOPLIST_FILE = YES;
				IPHONEOS_DEPLOYMENT_TARGET = 15.5;
				MARKETING_VERSION = 1.0;
				PRODUCT_BUNDLE_IDENTIFIER = "com.JosephCastro.MovieDB1-2Tests";
				PRODUCT_NAME = "$(TARGET_NAME)";
				SWIFT_EMIT_LOC_STRINGS = NO;
				SWIFT_VERSION = 5.0;
				TARGETED_DEVICE_FAMILY = "1,2";
				TEST_HOST = "$(BUILT_PRODUCTS_DIR)/MovieDB1.2.app/MovieDB1.2";
			};
			name = Release;
		};
		007BE45F283BF3A5008D6960 /* Debug */ = {
			isa = XCBuildConfiguration;
			buildSettings = {
				ALWAYS_EMBED_SWIFT_STANDARD_LIBRARIES = YES;
				CODE_SIGN_STYLE = Automatic;
				CURRENT_PROJECT_VERSION = 1;
				GENERATE_INFOPLIST_FILE = YES;
				MARKETING_VERSION = 1.0;
				PRODUCT_BUNDLE_IDENTIFIER = "com.JosephCastro.MovieDB1-2UITests";
				PRODUCT_NAME = "$(TARGET_NAME)";
				SWIFT_EMIT_LOC_STRINGS = NO;
				SWIFT_VERSION = 5.0;
				TARGETED_DEVICE_FAMILY = "1,2";
				TEST_TARGET_NAME = MovieDB1.2;
			};
			name = Debug;
		};
		007BE460283BF3A5008D6960 /* Release */ = {
			isa = XCBuildConfiguration;
			buildSettings = {
				ALWAYS_EMBED_SWIFT_STANDARD_LIBRARIES = YES;
				CODE_SIGN_STYLE = Automatic;
				CURRENT_PROJECT_VERSION = 1;
				GENERATE_INFOPLIST_FILE = YES;
				MARKETING_VERSION = 1.0;
				PRODUCT_BUNDLE_IDENTIFIER = "com.JosephCastro.MovieDB1-2UITests";
				PRODUCT_NAME = "$(TARGET_NAME)";
				SWIFT_EMIT_LOC_STRINGS = NO;
				SWIFT_VERSION = 5.0;
				TARGETED_DEVICE_FAMILY = "1,2";
				TEST_TARGET_NAME = MovieDB1.2;
			};
			name = Release;
		};
/* End XCBuildConfiguration section */

/* Begin XCConfigurationList section */
		007BE426283BF3A3008D6960 /* Build configuration list for PBXProject "MovieDB1.2" */ = {
			isa = XCConfigurationList;
			buildConfigurations = (
				007BE456283BF3A5008D6960 /* Debug */,
				007BE457283BF3A5008D6960 /* Release */,
			);
			defaultConfigurationIsVisible = 0;
			defaultConfigurationName = Release;
		};
		007BE458283BF3A5008D6960 /* Build configuration list for PBXNativeTarget "MovieDB1.2" */ = {
			isa = XCConfigurationList;
			buildConfigurations = (
				007BE459283BF3A5008D6960 /* Debug */,
				007BE45A283BF3A5008D6960 /* Release */,
			);
			defaultConfigurationIsVisible = 0;
			defaultConfigurationName = Release;
		};
		007BE45B283BF3A5008D6960 /* Build configuration list for PBXNativeTarget "MovieDB1.2Tests" */ = {
			isa = XCConfigurationList;
			buildConfigurations = (
				007BE45C283BF3A5008D6960 /* Debug */,
				007BE45D283BF3A5008D6960 /* Release */,
			);
			defaultConfigurationIsVisible = 0;
			defaultConfigurationName = Release;
		};
		007BE45E283BF3A5008D6960 /* Build configuration list for PBXNativeTarget "MovieDB1.2UITests" */ = {
			isa = XCConfigurationList;
			buildConfigurations = (
				007BE45F283BF3A5008D6960 /* Debug */,
				007BE460283BF3A5008D6960 /* Release */,
			);
			defaultConfigurationIsVisible = 0;
			defaultConfigurationName = Release;
		};
/* End XCConfigurationList section */

/* Begin XCVersionGroup section */
		007BE437283BF3A3008D6960 /* MovieDB1_2.xcdatamodeld */ = {
			isa = XCVersionGroup;
			children = (
				007BE438283BF3A3008D6960 /* MovieDB1_2.xcdatamodel */,
			);
			currentVersion = 007BE438283BF3A3008D6960 /* MovieDB1_2.xcdatamodel */;
			path = MovieDB1_2.xcdatamodeld;
			sourceTree = "<group>";
			versionGroupType = wrapper.xcdatamodel;
		};
/* End XCVersionGroup section */
	};
	rootObject = 007BE423283BF3A3008D6960 /* Project object */;
}
